
Microsoft Visual Studio Solution File, Format Version 12.00
# Visual Studio Version 17
VisualStudioVersion = 17.7.34031.279
MinimumVisualStudioVersion = 10.0.40219.1
Project("{FAE04EC0-301F-11D3-BF4B-00C04F79EFBC}") = "api-xamarin.UWP", "api-xamarin.UWP\api-xamarin.UWP.csproj", "{1CDDAD24-119D-4A0B-BAAB-B0179E98B905}"
EndProject
Project("{FAE04EC0-301F-11D3-BF4B-00C04F79EFBC}") = "api-xamarin.Android", "api-xamarin.Android\api-xamarin.Android.csproj", "{B41A416F-4CE1-4F45-806F-2064A76E8421}"
EndProject
Project("{FAE04EC0-301F-11D3-BF4B-00C04F79EFBC}") = "api-xamarin.iOS", "api-xamarin.iOS\api-xamarin.iOS.csproj", "{4C3BAAF6-5B4D-4E5D-827B-2366C0B43918}"
EndProject
Project("{FAE04EC0-301F-11D3-BF4B-00C04F79EFBC}") = "api-xamarin", "api-xamarin\api-xamarin.csproj", "{35821950-2241-4DED-A0A2-6AC1FCCD631B}"
EndProject
Global
	GlobalSection(SolutionConfigurationPlatforms) = preSolution
		Debug|Any CPU = Debug|Any CPU
		Debug|ARM = Debug|ARM
		Debug|iPhone = Debug|iPhone
		Debug|iPhoneSimulator = Debug|iPhoneSimulator
		Debug|x64 = Debug|x64
		Debug|x86 = Debug|x86
		Release|Any CPU = Release|Any CPU
		Release|ARM = Release|ARM
		Release|iPhone = Release|iPhone
		Release|iPhoneSimulator = Release|iPhoneSimulator
		Release|x64 = Release|x64
		Release|x86 = Release|x86
	EndGlobalSection
	GlobalSection(ProjectConfigurationPlatforms) = postSolution
		{1CDDAD24-119D-4A0B-BAAB-B0179E98B905}.Debug|Any CPU.ActiveCfg = Debug|x64
		{1CDDAD24-119D-4A0B-BAAB-B0179E98B905}.Debug|Any CPU.Build.0 = Debug|x64
		{1CDDAD24-119D-4A0B-BAAB-B0179E98B905}.Debug|Any CPU.Deploy.0 = Debug|x64
		{1CDDAD24-119D-4A0B-BAAB-B0179E98B905}.Debug|ARM.ActiveCfg = Debug|ARM
		{1CDDAD24-119D-4A0B-BAAB-B0179E98B905}.Debug|ARM.Build.0 = Debug|ARM
		{1CDDAD24-119D-4A0B-BAAB-B0179E98B905}.Debug|ARM.Deploy.0 = Debug|ARM
		{1CDDAD24-119D-4A0B-BAAB-B0179E98B905}.Debug|iPhone.ActiveCfg = Debug|x64
		{1CDDAD24-119D-4A0B-BAAB-B0179E98B905}.Debug|iPhone.Build.0 = Debug|x64
		{1CDDAD24-119D-4A0B-BAAB-B0179E98B905}.Debug|iPhone.Deploy.0 = Debug|x64
		{1CDDAD24-119D-4A0B-BAAB-B0179E98B905}.Debug|iPhoneSimulator.ActiveCfg = Debug|x64
		{1CDDAD24-119D-4A0B-BAAB-B0179E98B905}.Debug|iPhoneSimulator.Build.0 = Debug|x64
		{1CDDAD24-119D-4A0B-BAAB-B0179E98B905}.Debug|iPhoneSimulator.Deploy.0 = Debug|x64
		{1CDDAD24-119D-4A0B-BAAB-B0179E98B905}.Debug|x64.ActiveCfg = Debug|x64
		{1CDDAD24-119D-4A0B-BAAB-B0179E98B905}.Debug|x64.Build.0 = Debug|x64
		{1CDDAD24-119D-4A0B-BAAB-B0179E98B905}.Debug|x64.Deploy.0 = Debug|x64
		{1CDDAD24-119D-4A0B-BAAB-B0179E98B905}.Debug|x86.ActiveCfg = Debug|x86
		{1CDDAD24-119D-4A0B-BAAB-B0179E98B905}.Debug|x86.Build.0 = Debug|x86
		{1CDDAD24-119D-4A0B-BAAB-B0179E98B905}.Debug|x86.Deploy.0 = Debug|x86
		{1CDDAD24-119D-4A0B-BAAB-B0179E98B905}.Release|Any CPU.ActiveCfg = Release|x64
		{1CDDAD24-119D-4A0B-BAAB-B0179E98B905}.Release|Any CPU.Build.0 = Release|x64
		{1CDDAD24-119D-4A0B-BAAB-B0179E98B905}.Release|Any CPU.Deploy.0 = Release|x64
		{1CDDAD24-119D-4A0B-BAAB-B0179E98B905}.Release|ARM.ActiveCfg = Release|ARM
		{1CDDAD24-119D-4A0B-BAAB-B0179E98B905}.Release|ARM.Build.0 = Release|ARM
		{1CDDAD24-119D-4A0B-BAAB-B0179E98B905}.Release|ARM.Deploy.0 = Release|ARM
		{1CDDAD24-119D-4A0B-BAAB-B0179E98B905}.Release|iPhone.ActiveCfg = Release|x64
		{1CDDAD24-119D-4A0B-BAAB-B0179E98B905}.Release|iPhone.Build.0 = Release|x64
		{1CDDAD24-119D-4A0B-BAAB-B0179E98B905}.Release|iPhone.Deploy.0 = Release|x64
		{1CDDAD24-119D-4A0B-BAAB-B0179E98B905}.Release|iPhoneSimulator.ActiveCfg = Release|x64
		{1CDDAD24-119D-4A0B-BAAB-B0179E98B905}.Release|iPhoneSimulator.Build.0 = Release|x64
		{1CDDAD24-119D-4A0B-BAAB-B0179E98B905}.Release|iPhoneSimulator.Deploy.0 = Release|x64
		{1CDDAD24-119D-4A0B-BAAB-B0179E98B905}.Release|x64.ActiveCfg = Release|x64
		{1CDDAD24-119D-4A0B-BAAB-B0179E98B905}.Release|x64.Build.0 = Release|x64
		{1CDDAD24-119D-4A0B-BAAB-B0179E98B905}.Release|x64.Deploy.0 = Release|x64
		{1CDDAD24-119D-4A0B-BAAB-B0179E98B905}.Release|x86.ActiveCfg = Release|x86
		{1CDDAD24-119D-4A0B-BAAB-B0179E98B905}.Release|x86.Build.0 = Release|x86
		{1CDDAD24-119D-4A0B-BAAB-B0179E98B905}.Release|x86.Deploy.0 = Release|x86
		{B41A416F-4CE1-4F45-806F-2064A76E8421}.Debug|Any CPU.ActiveCfg = Debug|Any CPU
		{B41A416F-4CE1-4F45-806F-2064A76E8421}.Debug|Any CPU.Build.0 = Debug|Any CPU
		{B41A416F-4CE1-4F45-806F-2064A76E8421}.Debug|Any CPU.Deploy.0 = Debug|Any CPU
		{B41A416F-4CE1-4F45-806F-2064A76E8421}.Debug|ARM.ActiveCfg = Debug|Any CPU
		{B41A416F-4CE1-4F45-806F-2064A76E8421}.Debug|ARM.Build.0 = Debug|Any CPU
		{B41A416F-4CE1-4F45-806F-2064A76E8421}.Debug|ARM.Deploy.0 = Debug|Any CPU
		{B41A416F-4CE1-4F45-806F-2064A76E8421}.Debug|iPhone.ActiveCfg = Debug|Any CPU
		{B41A416F-4CE1-4F45-806F-2064A76E8421}.Debug|iPhone.Build.0 = Debug|Any CPU
		{B41A416F-4CE1-4F45-806F-2064A76E8421}.Debug|iPhone.Deploy.0 = Debug|Any CPU
		{B41A416F-4CE1-4F45-806F-2064A76E8421}.Debug|iPhoneSimulator.ActiveCfg = Debug|Any CPU
		{B41A416F-4CE1-4F45-806F-2064A76E8421}.Debug|iPhoneSimulator.Build.0 = Debug|Any CPU
		{B41A416F-4CE1-4F45-806F-2064A76E8421}.Debug|iPhoneSimulator.Deploy.0 = Debug|Any CPU
		{B41A416F-4CE1-4F45-806F-2064A76E8421}.Debug|x64.ActiveCfg = Debug|Any CPU
		{B41A416F-4CE1-4F45-806F-2064A76E8421}.Debug|x64.Build.0 = Debug|Any CPU
		{B41A416F-4CE1-4F45-806F-2064A76E8421}.Debug|x64.Deploy.0 = Debug|Any CPU
		{B41A416F-4CE1-4F45-806F-2064A76E8421}.Debug|x86.ActiveCfg = Debug|Any CPU
		{B41A416F-4CE1-4F45-806F-2064A76E8421}.Debug|x86.Build.0 = Debug|Any CPU
		{B41A416F-4CE1-4F45-806F-2064A76E8421}.Debug|x86.Deploy.0 = Debug|Any CPU
		{B41A416F-4CE1-4F45-806F-2064A76E8421}.Release|Any CPU.ActiveCfg = Release|Any CPU
		{B41A416F-4CE1-4F45-806F-2064A76E8421}.Release|Any CPU.Build.0 = Release|Any CPU
		{B41A416F-4CE1-4F45-806F-2064A76E8421}.Release|Any CPU.Deploy.0 = Release|Any CPU
		{B41A416F-4CE1-4F45-806F-2064A76E8421}.Release|ARM.ActiveCfg = Release|Any CPU
		{B41A416F-4CE1-4F45-806F-2064A76E8421}.Release|ARM.Build.0 = Release|Any CPU
		{B41A416F-4CE1-4F45-806F-2064A76E8421}.Release|ARM.Deploy.0 = Release|Any CPU
		{B41A416F-4CE1-4F45-806F-2064A76E8421}.Release|iPhone.ActiveCfg = Release|Any CPU
		{B41A416F-4CE1-4F45-806F-2064A76E8421}.Release|iPhone.Build.0 = Release|Any CPU
		{B41A416F-4CE1-4F45-806F-2064A76E8421}.Release|iPhone.Deploy.0 = Release|Any CPU
		{B41A416F-4CE1-4F45-806F-2064A76E8421}.Release|iPhoneSimulator.ActiveCfg = Release|Any CPU
		{B41A416F-4CE1-4F45-806F-2064A76E8421}.Release|iPhoneSimulator.Build.0 = Release|Any CPU
		{B41A416F-4CE1-4F45-806F-2064A76E8421}.Release|iPhoneSimulator.Deploy.0 = Release|Any CPU
		{B41A416F-4CE1-4F45-806F-2064A76E8421}.Release|x64.ActiveCfg = Release|Any CPU
		{B41A416F-4CE1-4F45-806F-2064A76E8421}.Release|x64.Build.0 = Release|Any CPU
		{B41A416F-4CE1-4F45-806F-2064A76E8421}.Release|x64.Deploy.0 = Release|Any CPU
		{B41A416F-4CE1-4F45-806F-2064A76E8421}.Release|x86.ActiveCfg = Release|Any CPU
		{B41A416F-4CE1-4F45-806F-2064A76E8421}.Release|x86.Build.0 = Release|Any CPU
		{B41A416F-4CE1-4F45-806F-2064A76E8421}.Release|x86.Deploy.0 = Release|Any CPU
		{4C3BAAF6-5B4D-4E5D-827B-2366C0B43918}.Debug|Any CPU.ActiveCfg = Debug|iPhoneSimulator
		{4C3BAAF6-5B4D-4E5D-827B-2366C0B43918}.Debug|Any CPU.Build.0 = Debug|iPhoneSimulator
		{4C3BAAF6-5B4D-4E5D-827B-2366C0B43918}.Debug|Any CPU.Deploy.0 = Debug|iPhoneSimulator
		{4C3BAAF6-5B4D-4E5D-827B-2366C0B43918}.Debug|ARM.ActiveCfg = Debug|iPhoneSimulator
		{4C3BAAF6-5B4D-4E5D-827B-2366C0B43918}.Debug|ARM.Build.0 = Debug|iPhoneSimulator
		{4C3BAAF6-5B4D-4E5D-827B-2366C0B43918}.Debug|ARM.Deploy.0 = Debug|iPhoneSimulator
		{4C3BAAF6-5B4D-4E5D-827B-2366C0B43918}.Debug|iPhone.ActiveCfg = Debug|iPhone
		{4C3BAAF6-5B4D-4E5D-827B-2366C0B43918}.Debug|iPhone.Build.0 = Debug|iPhone
		{4C3BAAF6-5B4D-4E5D-827B-2366C0B43918}.Debug|iPhone.Deploy.0 = Debug|iPhone
		{4C3BAAF6-5B4D-4E5D-827B-2366C0B43918}.Debug|iPhoneSimulator.ActiveCfg = Debug|iPhoneSimulator
		{4C3BAAF6-5B4D-4E5D-827B-2366C0B43918}.Debug|iPhoneSimulator.Build.0 = Debug|iPhoneSimulator
		{4C3BAAF6-5B4D-4E5D-827B-2366C0B43918}.Debug|iPhoneSimulator.Deploy.0 = Debug|iPhoneSimulator
		{4C3BAAF6-5B4D-4E5D-827B-2366C0B43918}.Debug|x64.ActiveCfg = Debug|iPhone
		{4C3BAAF6-5B4D-4E5D-827B-2366C0B43918}.Debug|x64.Build.0 = Debug|iPhone
		{4C3BAAF6-5B4D-4E5D-827B-2366C0B43918}.Debug|x64.Deploy.0 = Debug|iPhone
		{4C3BAAF6-5B4D-4E5D-827B-2366C0B43918}.Debug|x86.ActiveCfg = Debug|iPhoneSimulator
		{4C3BAAF6-5B4D-4E5D-827B-2366C0B43918}.Debug|x86.Build.0 = Debug|iPhoneSimulator
		{4C3BAAF6-5B4D-4E5D-827B-2366C0B43918}.Debug|x86.Deploy.0 = Debug|iPhoneSimulator
		{4C3BAAF6-5B4D-4E5D-827B-2366C0B43918}.Release|Any CPU.ActiveCfg = Release|iPhoneSimulator
		{4C3BAAF6-5B4D-4E5D-827B-2366C0B43918}.Release|Any CPU.Build.0 = Release|iPhoneSimulator
		{4C3BAAF6-5B4D-4E5D-827B-2366C0B43918}.Release|Any CPU.Deploy.0 = Release|iPhoneSimulator
		{4C3BAAF6-5B4D-4E5D-827B-2366C0B43918}.Release|ARM.ActiveCfg = Release|iPhoneSimulator
		{4C3BAAF6-5B4D-4E5D-827B-2366C0B43918}.Release|ARM.Build.0 = Release|iPhoneSimulator
		{4C3BAAF6-5B4D-4E5D-827B-2366C0B43918}.Release|ARM.Deploy.0 = Release|iPhoneSimulator
		{4C3BAAF6-5B4D-4E5D-827B-2366C0B43918}.Release|iPhone.ActiveCfg = Release|iPhone
		{4C3BAAF6-5B4D-4E5D-827B-2366C0B43918}.Release|iPhone.Build.0 = Release|iPhone
		{4C3BAAF6-5B4D-4E5D-827B-2366C0B43918}.Release|iPhone.Deploy.0 = Release|iPhone
		{4C3BAAF6-5B4D-4E5D-827B-2366C0B43918}.Release|iPhoneSimulator.ActiveCfg = Release|iPhoneSimulator
		{4C3BAAF6-5B4D-4E5D-827B-2366C0B43918}.Release|iPhoneSimulator.Build.0 = Release|iPhoneSimulator
		{4C3BAAF6-5B4D-4E5D-827B-2366C0B43918}.Release|iPhoneSimulator.Deploy.0 = Release|iPhoneSimulator
		{4C3BAAF6-5B4D-4E5D-827B-2366C0B43918}.Release|x64.ActiveCfg = Release|iPhoneSimulator
		{4C3BAAF6-5B4D-4E5D-827B-2366C0B43918}.Release|x64.Build.0 = Release|iPhoneSimulator
		{4C3BAAF6-5B4D-4E5D-827B-2366C0B43918}.Release|x64.Deploy.0 = Release|iPhoneSimulator
		{4C3BAAF6-5B4D-4E5D-827B-2366C0B43918}.Release|x86.ActiveCfg = Release|iPhoneSimulator
		{4C3BAAF6-5B4D-4E5D-827B-2366C0B43918}.Release|x86.Build.0 = Release|iPhoneSimulator
		{4C3BAAF6-5B4D-4E5D-827B-2366C0B43918}.Release|x86.Deploy.0 = Release|iPhoneSimulator
		{35821950-2241-4DED-A0A2-6AC1FCCD631B}.Debug|Any CPU.ActiveCfg = Debug|Any CPU
		{35821950-2241-4DED-A0A2-6AC1FCCD631B}.Debug|Any CPU.Build.0 = Debug|Any CPU
		{35821950-2241-4DED-A0A2-6AC1FCCD631B}.Debug|Any CPU.Deploy.0 = Debug|Any CPU
		{35821950-2241-4DED-A0A2-6AC1FCCD631B}.Debug|ARM.ActiveCfg = Debug|Any CPU
		{35821950-2241-4DED-A0A2-6AC1FCCD631B}.Debug|ARM.Build.0 = Debug|Any CPU
		{35821950-2241-4DED-A0A2-6AC1FCCD631B}.Debug|ARM.Deploy.0 = Debug|Any CPU
		{35821950-2241-4DED-A0A2-6AC1FCCD631B}.Debug|iPhone.ActiveCfg = Debug|Any CPU
		{35821950-2241-4DED-A0A2-6AC1FCCD631B}.Debug|iPhone.Build.0 = Debug|Any CPU
		{35821950-2241-4DED-A0A2-6AC1FCCD631B}.Debug|iPhone.Deploy.0 = Debug|Any CPU
		{35821950-2241-4DED-A0A2-6AC1FCCD631B}.Debug|iPhoneSimulator.ActiveCfg = Debug|Any CPU
		{35821950-2241-4DED-A0A2-6AC1FCCD631B}.Debug|iPhoneSimulator.Build.0 = Debug|Any CPU
		{35821950-2241-4DED-A0A2-6AC1FCCD631B}.Debug|iPhoneSimulator.Deploy.0 = Debug|Any CPU
		{35821950-2241-4DED-A0A2-6AC1FCCD631B}.Debug|x64.ActiveCfg = Debug|Any CPU
		{35821950-2241-4DED-A0A2-6AC1FCCD631B}.Debug|x64.Build.0 = Debug|Any CPU
		{35821950-2241-4DED-A0A2-6AC1FCCD631B}.Debug|x64.Deploy.0 = Debug|Any CPU
		{35821950-2241-4DED-A0A2-6AC1FCCD631B}.Debug|x86.ActiveCfg = Debug|Any CPU
		{35821950-2241-4DED-A0A2-6AC1FCCD631B}.Debug|x86.Build.0 = Debug|Any CPU
		{35821950-2241-4DED-A0A2-6AC1FCCD631B}.Debug|x86.Deploy.0 = Debug|Any CPU
		{35821950-2241-4DED-A0A2-6AC1FCCD631B}.Release|Any CPU.ActiveCfg = Release|Any CPU
		{35821950-2241-4DED-A0A2-6AC1FCCD631B}.Release|Any CPU.Build.0 = Release|Any CPU
		{35821950-2241-4DED-A0A2-6AC1FCCD631B}.Release|Any CPU.Deploy.0 = Release|Any CPU
		{35821950-2241-4DED-A0A2-6AC1FCCD631B}.Release|ARM.ActiveCfg = Release|Any CPU
		{35821950-2241-4DED-A0A2-6AC1FCCD631B}.Release|ARM.Build.0 = Release|Any CPU
		{35821950-2241-4DED-A0A2-6AC1FCCD631B}.Release|ARM.Deploy.0 = Release|Any CPU
		{35821950-2241-4DED-A0A2-6AC1FCCD631B}.Release|iPhone.ActiveCfg = Release|Any CPU
		{35821950-2241-4DED-A0A2-6AC1FCCD631B}.Release|iPhone.Build.0 = Release|Any CPU
		{35821950-2241-4DED-A0A2-6AC1FCCD631B}.Release|iPhone.Deploy.0 = Release|Any CPU
		{35821950-2241-4DED-A0A2-6AC1FCCD631B}.Release|iPhoneSimulator.ActiveCfg = Release|Any CPU
		{35821950-2241-4DED-A0A2-6AC1FCCD631B}.Release|iPhoneSimulator.Build.0 = Release|Any CPU
		{35821950-2241-4DED-A0A2-6AC1FCCD631B}.Release|iPhoneSimulator.Deploy.0 = Release|Any CPU
		{35821950-2241-4DED-A0A2-6AC1FCCD631B}.Release|x64.ActiveCfg = Release|Any CPU
		{35821950-2241-4DED-A0A2-6AC1FCCD631B}.Release|x64.Build.0 = Release|Any CPU
		{35821950-2241-4DED-A0A2-6AC1FCCD631B}.Release|x64.Deploy.0 = Release|Any CPU
		{35821950-2241-4DED-A0A2-6AC1FCCD631B}.Release|x86.ActiveCfg = Release|Any CPU
		{35821950-2241-4DED-A0A2-6AC1FCCD631B}.Release|x86.Build.0 = Release|Any CPU
		{35821950-2241-4DED-A0A2-6AC1FCCD631B}.Release|x86.Deploy.0 = Release|Any CPU
	EndGlobalSection
	GlobalSection(SolutionProperties) = preSolution
		HideSolutionNode = FALSE
	EndGlobalSection
	GlobalSection(ExtensibilityGlobals) = postSolution
		SolutionGuid = {83AEB8BF-97B6-4CBA-A0AD-EE1A66C302A2}
	EndGlobalSection
EndGlobal
